
Microsoft Visual Studio Solution File, Format Version 12.00
# Visual Studio 15
VisualStudioVersion = 15.0.26430.14
MinimumVisualStudioVersion = 10.0.40219.1
Project("{FAE04EC0-301F-11D3-BF4B-00C04F79EFBC}") = "Softeq.XToolkit.WhiteLabel", "Softeq.XToolkit.WhiteLabel\Softeq.XToolkit.WhiteLabel.csproj", "{797907F2-95D6-40E5-811E-3206CBF62213}"
EndProject
Project("{FAE04EC0-301F-11D3-BF4B-00C04F79EFBC}") = "Softeq.XToolkit.WhiteLabel.Droid", "Softeq.XToolkit.WhiteLabel.Droid\Softeq.XToolkit.WhiteLabel.Droid.csproj", "{7F44F0F6-8396-42D0-8A1B-DC40CE8C478C}"
EndProject
Project("{FAE04EC0-301F-11D3-BF4B-00C04F79EFBC}") = "Softeq.XToolkit.WhiteLabel.iOS", "Softeq.XToolkit.WhiteLabel.iOS\Softeq.XToolkit.WhiteLabel.iOS.csproj", "{CC89DBC6-E68A-4C85-91C4-E276D3BC3C2E}"
EndProject
Project("{FAE04EC0-301F-11D3-BF4B-00C04F79EFBC}") = "Softeq.XToolkit.Common", "..\XToolkit\Softeq.XToolkit.Common\Softeq.XToolkit.Common.csproj", "{A58E3E80-FD9B-4368-90C2-9C1FE5B0B4D6}"
EndProject
Project("{FAE04EC0-301F-11D3-BF4B-00C04F79EFBC}") = "Softeq.XToolkit.Bindings", "..\XToolkit\Softeq.XToolkit.Bindings\Softeq.XToolkit.Bindings.csproj", "{AE01FC6D-43B3-41ED-ABC6-941AF07E6C3A}"
EndProject
Project("{FAE04EC0-301F-11D3-BF4B-00C04F79EFBC}") = "Softeq.XToolkit.Common.Droid", "..\XToolkit\Softeq.XToolkit.Common.Droid\Softeq.XToolkit.Common.Droid.csproj", "{18D3FDC1-B0A1-401E-87F2-1C43034E610C}"
EndProject
Project("{FAE04EC0-301F-11D3-BF4B-00C04F79EFBC}") = "Softeq.XToolkit.Bindings.Droid", "..\XToolkit\Softeq.XToolkit.Bindings.Droid\Softeq.XToolkit.Bindings.Droid.csproj", "{2B4A678B-63B4-49DB-99B1-BFE7793110C4}"
EndProject
Project("{FAE04EC0-301F-11D3-BF4B-00C04F79EFBC}") = "Softeq.XToolkit.Common.iOS", "..\XToolkit\Softeq.XToolkit.Common.iOS\Softeq.XToolkit.Common.iOS.csproj", "{6BCB2009-2E46-458C-BCAA-AFC27A631924}"
EndProject
Project("{FAE04EC0-301F-11D3-BF4B-00C04F79EFBC}") = "Softeq.XToolkit.Bindings.iOS", "..\XToolkit\Softeq.XToolkit.Bindings.iOS\Softeq.XToolkit.Bindings.iOS.csproj", "{2D399BA9-1878-43E2-AF05-6873EAE9151B}"
EndProject
Project("{FAE04EC0-301F-11D3-BF4B-00C04F79EFBC}") = "Softeq.XToolkit.Whitelabel.Tests", "Softeq.XToolkit.Whitelabel.Tests\Softeq.XToolkit.Whitelabel.Tests.csproj", "{B5A6100B-D12E-43A2-BBDE-027D6E2B5835}"
EndProject
Project("{FAE04EC0-301F-11D3-BF4B-00C04F79EFBC}") = "Softeq.XToolkit.Permissions", "..\XToolKit\Softeq.XToolkit.Permissions\Softeq.XToolkit.Permissions.csproj", "{A3D48FCC-AE70-4728-BF5C-8A695203146B}"
EndProject
Global
	GlobalSection(SolutionConfigurationPlatforms) = preSolution
		Debug|Any CPU = Debug|Any CPU
		Release|Any CPU = Release|Any CPU
		Debug|iPhoneSimulator = Debug|iPhoneSimulator
		Release|iPhone = Release|iPhone
		Release|iPhoneSimulator = Release|iPhoneSimulator
		Debug|iPhone = Debug|iPhone
	EndGlobalSection
	GlobalSection(ProjectConfigurationPlatforms) = postSolution
		{797907F2-95D6-40E5-811E-3206CBF62213}.Debug|Any CPU.ActiveCfg = Debug|Any CPU
		{797907F2-95D6-40E5-811E-3206CBF62213}.Debug|Any CPU.Build.0 = Debug|Any CPU
		{797907F2-95D6-40E5-811E-3206CBF62213}.Release|Any CPU.ActiveCfg = Release|Any CPU
		{797907F2-95D6-40E5-811E-3206CBF62213}.Release|Any CPU.Build.0 = Release|Any CPU
		{797907F2-95D6-40E5-811E-3206CBF62213}.Debug|iPhoneSimulator.ActiveCfg = Debug|Any CPU
		{797907F2-95D6-40E5-811E-3206CBF62213}.Debug|iPhoneSimulator.Build.0 = Debug|Any CPU
		{797907F2-95D6-40E5-811E-3206CBF62213}.Release|iPhone.ActiveCfg = Release|Any CPU
		{797907F2-95D6-40E5-811E-3206CBF62213}.Release|iPhone.Build.0 = Release|Any CPU
		{797907F2-95D6-40E5-811E-3206CBF62213}.Release|iPhoneSimulator.ActiveCfg = Release|Any CPU
		{797907F2-95D6-40E5-811E-3206CBF62213}.Release|iPhoneSimulator.Build.0 = Release|Any CPU
		{797907F2-95D6-40E5-811E-3206CBF62213}.Debug|iPhone.ActiveCfg = Debug|Any CPU
		{797907F2-95D6-40E5-811E-3206CBF62213}.Debug|iPhone.Build.0 = Debug|Any CPU
		{7F44F0F6-8396-42D0-8A1B-DC40CE8C478C}.Debug|Any CPU.ActiveCfg = Debug|Any CPU
		{7F44F0F6-8396-42D0-8A1B-DC40CE8C478C}.Debug|Any CPU.Build.0 = Debug|Any CPU
		{7F44F0F6-8396-42D0-8A1B-DC40CE8C478C}.Release|Any CPU.ActiveCfg = Release|Any CPU
		{7F44F0F6-8396-42D0-8A1B-DC40CE8C478C}.Release|Any CPU.Build.0 = Release|Any CPU
		{7F44F0F6-8396-42D0-8A1B-DC40CE8C478C}.Debug|iPhoneSimulator.ActiveCfg = Debug|Any CPU
		{7F44F0F6-8396-42D0-8A1B-DC40CE8C478C}.Debug|iPhoneSimulator.Build.0 = Debug|Any CPU
		{7F44F0F6-8396-42D0-8A1B-DC40CE8C478C}.Release|iPhone.ActiveCfg = Release|Any CPU
		{7F44F0F6-8396-42D0-8A1B-DC40CE8C478C}.Release|iPhone.Build.0 = Release|Any CPU
		{7F44F0F6-8396-42D0-8A1B-DC40CE8C478C}.Release|iPhoneSimulator.ActiveCfg = Release|Any CPU
		{7F44F0F6-8396-42D0-8A1B-DC40CE8C478C}.Release|iPhoneSimulator.Build.0 = Release|Any CPU
		{7F44F0F6-8396-42D0-8A1B-DC40CE8C478C}.Debug|iPhone.ActiveCfg = Debug|Any CPU
		{7F44F0F6-8396-42D0-8A1B-DC40CE8C478C}.Debug|iPhone.Build.0 = Debug|Any CPU
		{CC89DBC6-E68A-4C85-91C4-E276D3BC3C2E}.Debug|Any CPU.ActiveCfg = Debug|Any CPU
		{CC89DBC6-E68A-4C85-91C4-E276D3BC3C2E}.Debug|Any CPU.Build.0 = Debug|Any CPU
		{CC89DBC6-E68A-4C85-91C4-E276D3BC3C2E}.Release|Any CPU.ActiveCfg = Release|Any CPU
		{CC89DBC6-E68A-4C85-91C4-E276D3BC3C2E}.Release|Any CPU.Build.0 = Release|Any CPU
		{CC89DBC6-E68A-4C85-91C4-E276D3BC3C2E}.Debug|iPhoneSimulator.ActiveCfg = Debug|Any CPU
		{CC89DBC6-E68A-4C85-91C4-E276D3BC3C2E}.Debug|iPhoneSimulator.Build.0 = Debug|Any CPU
		{CC89DBC6-E68A-4C85-91C4-E276D3BC3C2E}.Release|iPhone.ActiveCfg = Release|Any CPU
		{CC89DBC6-E68A-4C85-91C4-E276D3BC3C2E}.Release|iPhone.Build.0 = Release|Any CPU
		{CC89DBC6-E68A-4C85-91C4-E276D3BC3C2E}.Release|iPhoneSimulator.ActiveCfg = Release|Any CPU
		{CC89DBC6-E68A-4C85-91C4-E276D3BC3C2E}.Release|iPhoneSimulator.Build.0 = Release|Any CPU
		{CC89DBC6-E68A-4C85-91C4-E276D3BC3C2E}.Debug|iPhone.ActiveCfg = Debug|Any CPU
		{CC89DBC6-E68A-4C85-91C4-E276D3BC3C2E}.Debug|iPhone.Build.0 = Debug|Any CPU
		{A58E3E80-FD9B-4368-90C2-9C1FE5B0B4D6}.Debug|Any CPU.ActiveCfg = Debug|Any CPU
		{A58E3E80-FD9B-4368-90C2-9C1FE5B0B4D6}.Debug|Any CPU.Build.0 = Debug|Any CPU
		{A58E3E80-FD9B-4368-90C2-9C1FE5B0B4D6}.Release|Any CPU.ActiveCfg = Release|Any CPU
		{A58E3E80-FD9B-4368-90C2-9C1FE5B0B4D6}.Release|Any CPU.Build.0 = Release|Any CPU
		{A58E3E80-FD9B-4368-90C2-9C1FE5B0B4D6}.Debug|iPhoneSimulator.ActiveCfg = Debug|Any CPU
		{A58E3E80-FD9B-4368-90C2-9C1FE5B0B4D6}.Debug|iPhoneSimulator.Build.0 = Debug|Any CPU
		{A58E3E80-FD9B-4368-90C2-9C1FE5B0B4D6}.Release|iPhone.ActiveCfg = Release|Any CPU
		{A58E3E80-FD9B-4368-90C2-9C1FE5B0B4D6}.Release|iPhone.Build.0 = Release|Any CPU
		{A58E3E80-FD9B-4368-90C2-9C1FE5B0B4D6}.Release|iPhoneSimulator.ActiveCfg = Release|Any CPU
		{A58E3E80-FD9B-4368-90C2-9C1FE5B0B4D6}.Release|iPhoneSimulator.Build.0 = Release|Any CPU
		{A58E3E80-FD9B-4368-90C2-9C1FE5B0B4D6}.Debug|iPhone.ActiveCfg = Debug|Any CPU
		{A58E3E80-FD9B-4368-90C2-9C1FE5B0B4D6}.Debug|iPhone.Build.0 = Debug|Any CPU
		{AE01FC6D-43B3-41ED-ABC6-941AF07E6C3A}.Debug|Any CPU.ActiveCfg = Debug|Any CPU
		{AE01FC6D-43B3-41ED-ABC6-941AF07E6C3A}.Debug|Any CPU.Build.0 = Debug|Any CPU
		{AE01FC6D-43B3-41ED-ABC6-941AF07E6C3A}.Release|Any CPU.ActiveCfg = Release|Any CPU
		{AE01FC6D-43B3-41ED-ABC6-941AF07E6C3A}.Release|Any CPU.Build.0 = Release|Any CPU
		{AE01FC6D-43B3-41ED-ABC6-941AF07E6C3A}.Debug|iPhoneSimulator.ActiveCfg = Debug|Any CPU
		{AE01FC6D-43B3-41ED-ABC6-941AF07E6C3A}.Debug|iPhoneSimulator.Build.0 = Debug|Any CPU
		{AE01FC6D-43B3-41ED-ABC6-941AF07E6C3A}.Release|iPhone.ActiveCfg = Release|Any CPU
		{AE01FC6D-43B3-41ED-ABC6-941AF07E6C3A}.Release|iPhone.Build.0 = Release|Any CPU
		{AE01FC6D-43B3-41ED-ABC6-941AF07E6C3A}.Release|iPhoneSimulator.ActiveCfg = Release|Any CPU
		{AE01FC6D-43B3-41ED-ABC6-941AF07E6C3A}.Release|iPhoneSimulator.Build.0 = Release|Any CPU
		{AE01FC6D-43B3-41ED-ABC6-941AF07E6C3A}.Debug|iPhone.ActiveCfg = Debug|Any CPU
		{AE01FC6D-43B3-41ED-ABC6-941AF07E6C3A}.Debug|iPhone.Build.0 = Debug|Any CPU
		{18D3FDC1-B0A1-401E-87F2-1C43034E610C}.Debug|Any CPU.ActiveCfg = Debug|Any CPU
		{18D3FDC1-B0A1-401E-87F2-1C43034E610C}.Debug|Any CPU.Build.0 = Debug|Any CPU
		{18D3FDC1-B0A1-401E-87F2-1C43034E610C}.Release|Any CPU.ActiveCfg = Release|Any CPU
		{18D3FDC1-B0A1-401E-87F2-1C43034E610C}.Release|Any CPU.Build.0 = Release|Any CPU
		{18D3FDC1-B0A1-401E-87F2-1C43034E610C}.Debug|iPhoneSimulator.ActiveCfg = Debug|Any CPU
		{18D3FDC1-B0A1-401E-87F2-1C43034E610C}.Debug|iPhoneSimulator.Build.0 = Debug|Any CPU
		{18D3FDC1-B0A1-401E-87F2-1C43034E610C}.Release|iPhone.ActiveCfg = Release|Any CPU
		{18D3FDC1-B0A1-401E-87F2-1C43034E610C}.Release|iPhone.Build.0 = Release|Any CPU
		{18D3FDC1-B0A1-401E-87F2-1C43034E610C}.Release|iPhoneSimulator.ActiveCfg = Release|Any CPU
		{18D3FDC1-B0A1-401E-87F2-1C43034E610C}.Release|iPhoneSimulator.Build.0 = Release|Any CPU
		{18D3FDC1-B0A1-401E-87F2-1C43034E610C}.Debug|iPhone.ActiveCfg = Debug|Any CPU
		{18D3FDC1-B0A1-401E-87F2-1C43034E610C}.Debug|iPhone.Build.0 = Debug|Any CPU
		{2B4A678B-63B4-49DB-99B1-BFE7793110C4}.Debug|Any CPU.ActiveCfg = Debug|Any CPU
		{2B4A678B-63B4-49DB-99B1-BFE7793110C4}.Debug|Any CPU.Build.0 = Debug|Any CPU
		{2B4A678B-63B4-49DB-99B1-BFE7793110C4}.Release|Any CPU.ActiveCfg = Release|Any CPU
		{2B4A678B-63B4-49DB-99B1-BFE7793110C4}.Release|Any CPU.Build.0 = Release|Any CPU
		{2B4A678B-63B4-49DB-99B1-BFE7793110C4}.Debug|iPhoneSimulator.ActiveCfg = Debug|Any CPU
		{2B4A678B-63B4-49DB-99B1-BFE7793110C4}.Debug|iPhoneSimulator.Build.0 = Debug|Any CPU
		{2B4A678B-63B4-49DB-99B1-BFE7793110C4}.Release|iPhone.ActiveCfg = Release|Any CPU
		{2B4A678B-63B4-49DB-99B1-BFE7793110C4}.Release|iPhone.Build.0 = Release|Any CPU
		{2B4A678B-63B4-49DB-99B1-BFE7793110C4}.Release|iPhoneSimulator.ActiveCfg = Release|Any CPU
		{2B4A678B-63B4-49DB-99B1-BFE7793110C4}.Release|iPhoneSimulator.Build.0 = Release|Any CPU
		{2B4A678B-63B4-49DB-99B1-BFE7793110C4}.Debug|iPhone.ActiveCfg = Debug|Any CPU
		{2B4A678B-63B4-49DB-99B1-BFE7793110C4}.Debug|iPhone.Build.0 = Debug|Any CPU
		{6BCB2009-2E46-458C-BCAA-AFC27A631924}.Debug|Any CPU.ActiveCfg = Debug|Any CPU
		{6BCB2009-2E46-458C-BCAA-AFC27A631924}.Debug|Any CPU.Build.0 = Debug|Any CPU
		{6BCB2009-2E46-458C-BCAA-AFC27A631924}.Release|Any CPU.ActiveCfg = Release|Any CPU
		{6BCB2009-2E46-458C-BCAA-AFC27A631924}.Release|Any CPU.Build.0 = Release|Any CPU
		{6BCB2009-2E46-458C-BCAA-AFC27A631924}.Debug|iPhoneSimulator.ActiveCfg = Debug|Any CPU
		{6BCB2009-2E46-458C-BCAA-AFC27A631924}.Debug|iPhoneSimulator.Build.0 = Debug|Any CPU
		{6BCB2009-2E46-458C-BCAA-AFC27A631924}.Release|iPhone.ActiveCfg = Release|Any CPU
		{6BCB2009-2E46-458C-BCAA-AFC27A631924}.Release|iPhone.Build.0 = Release|Any CPU
		{6BCB2009-2E46-458C-BCAA-AFC27A631924}.Release|iPhoneSimulator.ActiveCfg = Release|Any CPU
		{6BCB2009-2E46-458C-BCAA-AFC27A631924}.Release|iPhoneSimulator.Build.0 = Release|Any CPU
		{6BCB2009-2E46-458C-BCAA-AFC27A631924}.Debug|iPhone.ActiveCfg = Debug|Any CPU
		{6BCB2009-2E46-458C-BCAA-AFC27A631924}.Debug|iPhone.Build.0 = Debug|Any CPU
		{2D399BA9-1878-43E2-AF05-6873EAE9151B}.Debug|Any CPU.ActiveCfg = Debug|Any CPU
		{2D399BA9-1878-43E2-AF05-6873EAE9151B}.Debug|Any CPU.Build.0 = Debug|Any CPU
		{2D399BA9-1878-43E2-AF05-6873EAE9151B}.Release|Any CPU.ActiveCfg = Release|Any CPU
		{2D399BA9-1878-43E2-AF05-6873EAE9151B}.Release|Any CPU.Build.0 = Release|Any CPU
		{2D399BA9-1878-43E2-AF05-6873EAE9151B}.Debug|iPhoneSimulator.ActiveCfg = Debug|Any CPU
		{2D399BA9-1878-43E2-AF05-6873EAE9151B}.Debug|iPhoneSimulator.Build.0 = Debug|Any CPU
		{2D399BA9-1878-43E2-AF05-6873EAE9151B}.Release|iPhone.ActiveCfg = Release|Any CPU
		{2D399BA9-1878-43E2-AF05-6873EAE9151B}.Release|iPhone.Build.0 = Release|Any CPU
		{2D399BA9-1878-43E2-AF05-6873EAE9151B}.Release|iPhoneSimulator.ActiveCfg = Release|Any CPU
		{2D399BA9-1878-43E2-AF05-6873EAE9151B}.Release|iPhoneSimulator.Build.0 = Release|Any CPU
		{2D399BA9-1878-43E2-AF05-6873EAE9151B}.Debug|iPhone.ActiveCfg = Debug|Any CPU
		{2D399BA9-1878-43E2-AF05-6873EAE9151B}.Debug|iPhone.Build.0 = Debug|Any CPU
		{2B06D0B2-8BED-49EC-AC0B-154850F68190}.Debug|Any CPU.ActiveCfg = Debug|Any CPU
		{2B06D0B2-8BED-49EC-AC0B-154850F68190}.Debug|Any CPU.Build.0 = Debug|Any CPU
		{2B06D0B2-8BED-49EC-AC0B-154850F68190}.Release|Any CPU.ActiveCfg = Release|Any CPU
		{2B06D0B2-8BED-49EC-AC0B-154850F68190}.Release|Any CPU.Build.0 = Release|Any CPU
		{2B06D0B2-8BED-49EC-AC0B-154850F68190}.Debug|iPhoneSimulator.ActiveCfg = Debug|Any CPU
		{2B06D0B2-8BED-49EC-AC0B-154850F68190}.Debug|iPhoneSimulator.Build.0 = Debug|Any CPU
		{2B06D0B2-8BED-49EC-AC0B-154850F68190}.Release|iPhone.ActiveCfg = Release|Any CPU
		{2B06D0B2-8BED-49EC-AC0B-154850F68190}.Release|iPhone.Build.0 = Release|Any CPU
		{2B06D0B2-8BED-49EC-AC0B-154850F68190}.Release|iPhoneSimulator.ActiveCfg = Release|Any CPU
		{2B06D0B2-8BED-49EC-AC0B-154850F68190}.Release|iPhoneSimulator.Build.0 = Release|Any CPU
		{2B06D0B2-8BED-49EC-AC0B-154850F68190}.Debug|iPhone.ActiveCfg = Debug|Any CPU
		{2B06D0B2-8BED-49EC-AC0B-154850F68190}.Debug|iPhone.Build.0 = Debug|Any CPU
		{B5A6100B-D12E-43A2-BBDE-027D6E2B5835}.Debug|Any CPU.ActiveCfg = Debug|Any CPU
		{B5A6100B-D12E-43A2-BBDE-027D6E2B5835}.Debug|Any CPU.Build.0 = Debug|Any CPU
		{B5A6100B-D12E-43A2-BBDE-027D6E2B5835}.Release|Any CPU.ActiveCfg = Release|Any CPU
		{B5A6100B-D12E-43A2-BBDE-027D6E2B5835}.Release|Any CPU.Build.0 = Release|Any CPU
		{B5A6100B-D12E-43A2-BBDE-027D6E2B5835}.Debug|iPhoneSimulator.ActiveCfg = Debug|Any CPU
		{B5A6100B-D12E-43A2-BBDE-027D6E2B5835}.Debug|iPhoneSimulator.Build.0 = Debug|Any CPU
		{B5A6100B-D12E-43A2-BBDE-027D6E2B5835}.Release|iPhone.ActiveCfg = Release|Any CPU
		{B5A6100B-D12E-43A2-BBDE-027D6E2B5835}.Release|iPhone.Build.0 = Release|Any CPU
		{B5A6100B-D12E-43A2-BBDE-027D6E2B5835}.Release|iPhoneSimulator.ActiveCfg = Release|Any CPU
		{B5A6100B-D12E-43A2-BBDE-027D6E2B5835}.Release|iPhoneSimulator.Build.0 = Release|Any CPU
		{B5A6100B-D12E-43A2-BBDE-027D6E2B5835}.Debug|iPhone.ActiveCfg = Debug|Any CPU
		{B5A6100B-D12E-43A2-BBDE-027D6E2B5835}.Debug|iPhone.Build.0 = Debug|Any CPU
		{A3D48FCC-AE70-4728-BF5C-8A695203146B}.Debug|Any CPU.ActiveCfg = Debug|Any CPU
		{A3D48FCC-AE70-4728-BF5C-8A695203146B}.Debug|Any CPU.Build.0 = Debug|Any CPU
		{A3D48FCC-AE70-4728-BF5C-8A695203146B}.Release|Any CPU.ActiveCfg = Release|Any CPU
		{A3D48FCC-AE70-4728-BF5C-8A695203146B}.Release|Any CPU.Build.0 = Release|Any CPU
		{A3D48FCC-AE70-4728-BF5C-8A695203146B}.Debug|iPhoneSimulator.ActiveCfg = Debug|Any CPU
		{A3D48FCC-AE70-4728-BF5C-8A695203146B}.Debug|iPhoneSimulator.Build.0 = Debug|Any CPU
		{A3D48FCC-AE70-4728-BF5C-8A695203146B}.Release|iPhone.ActiveCfg = Release|Any CPU
		{A3D48FCC-AE70-4728-BF5C-8A695203146B}.Release|iPhone.Build.0 = Release|Any CPU
		{A3D48FCC-AE70-4728-BF5C-8A695203146B}.Release|iPhoneSimulator.ActiveCfg = Release|Any CPU
		{A3D48FCC-AE70-4728-BF5C-8A695203146B}.Release|iPhoneSimulator.Build.0 = Release|Any CPU
		{A3D48FCC-AE70-4728-BF5C-8A695203146B}.Debug|iPhone.ActiveCfg = Debug|Any CPU
		{A3D48FCC-AE70-4728-BF5C-8A695203146B}.Debug|iPhone.Build.0 = Debug|Any CPU
	EndGlobalSection
	GlobalSection(SolutionProperties) = preSolution
		HideSolutionNode = FALSE
	EndGlobalSection
	GlobalSection(NestedProjects) = preSolution
	EndGlobalSection
EndGlobal
