
Microsoft Visual Studio Solution File, Format Version 12.00
# Visual Studio 15
VisualStudioVersion = 15.0.26430.14
MinimumVisualStudioVersion = 10.0.40219.1
Project("{FAE04EC0-301F-11D3-BF4B-00C04F79EFBC}") = "Softeq.XToolkit.WhiteLabel", "Softeq.XToolkit.WhiteLabel\Softeq.XToolkit.WhiteLabel.csproj", "{797907F2-95D6-40E5-811E-3206CBF62213}"
EndProject
Project("{FAE04EC0-301F-11D3-BF4B-00C04F79EFBC}") = "Softeq.XToolkit.WhiteLabel.Droid", "Softeq.XToolkit.WhiteLabel.Droid\Softeq.XToolkit.WhiteLabel.Droid.csproj", "{7F44F0F6-8396-42D0-8A1B-DC40CE8C478C}"
EndProject
Project("{FAE04EC0-301F-11D3-BF4B-00C04F79EFBC}") = "Softeq.XToolkit.WhiteLabel.iOS", "Softeq.XToolkit.WhiteLabel.iOS\Softeq.XToolkit.WhiteLabel.iOS.csproj", "{CC89DBC6-E68A-4C85-91C4-E276D3BC3C2E}"
EndProject
Project("{FAE04EC0-301F-11D3-BF4B-00C04F79EFBC}") = "Softeq.XToolkit.Common", "XToolkit.Bindings\XToolkit.Common\Softeq.XToolkit.Common\Softeq.XToolkit.Common.csproj", "{663BB4C7-03BA-49B0-B3EB-81E470D34A4D}"
EndProject
Project("{FAE04EC0-301F-11D3-BF4B-00C04F79EFBC}") = "Softeq.XToolkit.Permissions", "XToolkit.Permissions\Softeq.XToolkit.Permissions\Softeq.XToolkit.Permissions.csproj", "{A11C16B8-C5A4-445B-8142-823464D03E16}"
EndProject
Project("{FAE04EC0-301F-11D3-BF4B-00C04F79EFBC}") = "Softeq.XToolkit.Bindings", "XToolkit.Bindings\Softeq.XToolkit.Bindings\Softeq.XToolkit.Bindings.csproj", "{1F525832-B5C9-4459-9E19-95E7B5D92E9E}"
EndProject
Project("{FAE04EC0-301F-11D3-BF4B-00C04F79EFBC}") = "Softeq.XToolkit.Bindings.iOS", "XToolkit.Bindings\Softeq.XToolkit.Bindings.iOS\Softeq.XToolkit.Bindings.iOS.csproj", "{2D399BA9-1878-43E2-AF05-6873EAE9151B}"
EndProject
Project("{FAE04EC0-301F-11D3-BF4B-00C04F79EFBC}") = "Softeq.XToolkit.Bindings.Droid", "XToolkit.Bindings\Softeq.XToolkit.Bindings.Droid\Softeq.XToolkit.Bindings.Droid.csproj", "{2B4A678B-63B4-49DB-99B1-BFE7793110C4}"
EndProject
Project("{FAE04EC0-301F-11D3-BF4B-00C04F79EFBC}") = "Softeq.XToolkit.Common.Droid", "..\..\XToolkit.Common\Softeq.XToolkit.Common.Droid\Softeq.XToolkit.Common.Droid.csproj", "{18D3FDC1-B0A1-401E-87F2-1C43034E610C}"
EndProject
Project("{FAE04EC0-301F-11D3-BF4B-00C04F79EFBC}") = "Softeq.XToolkit.Common.iOS", "XToolkit.Bindings\XToolkit.Common\Softeq.XToolkit.Common.iOS\Softeq.XToolkit.Common.iOS.csproj", "{6BCB2009-2E46-458C-BCAA-AFC27A631924}"
EndProject
Global
	GlobalSection(SolutionConfigurationPlatforms) = preSolution
		Debug|Any CPU = Debug|Any CPU
		Release|Any CPU = Release|Any CPU
		Debug|iPhoneSimulator = Debug|iPhoneSimulator
		Release|iPhone = Release|iPhone
		Release|iPhoneSimulator = Release|iPhoneSimulator
		Debug|iPhone = Debug|iPhone
		Release.Stage|Any CPU = Release.Stage|Any CPU
	EndGlobalSection
	GlobalSection(ProjectConfigurationPlatforms) = postSolution
		{797907F2-95D6-40E5-811E-3206CBF62213}.Debug|Any CPU.ActiveCfg = Debug|Any CPU
		{797907F2-95D6-40E5-811E-3206CBF62213}.Debug|Any CPU.Build.0 = Debug|Any CPU
		{797907F2-95D6-40E5-811E-3206CBF62213}.Release|Any CPU.ActiveCfg = Release|Any CPU
		{797907F2-95D6-40E5-811E-3206CBF62213}.Release|Any CPU.Build.0 = Release|Any CPU
		{797907F2-95D6-40E5-811E-3206CBF62213}.Debug|iPhoneSimulator.ActiveCfg = Debug|Any CPU
		{797907F2-95D6-40E5-811E-3206CBF62213}.Debug|iPhoneSimulator.Build.0 = Debug|Any CPU
		{797907F2-95D6-40E5-811E-3206CBF62213}.Release|iPhone.ActiveCfg = Release|Any CPU
		{797907F2-95D6-40E5-811E-3206CBF62213}.Release|iPhone.Build.0 = Release|Any CPU
		{797907F2-95D6-40E5-811E-3206CBF62213}.Release|iPhoneSimulator.ActiveCfg = Release|Any CPU
		{797907F2-95D6-40E5-811E-3206CBF62213}.Release|iPhoneSimulator.Build.0 = Release|Any CPU
		{797907F2-95D6-40E5-811E-3206CBF62213}.Debug|iPhone.ActiveCfg = Debug|Any CPU
		{797907F2-95D6-40E5-811E-3206CBF62213}.Debug|iPhone.Build.0 = Debug|Any CPU
		{797907F2-95D6-40E5-811E-3206CBF62213}.Release.Stage|Any CPU.ActiveCfg = Debug|Any CPU
		{797907F2-95D6-40E5-811E-3206CBF62213}.Release.Stage|Any CPU.Build.0 = Debug|Any CPU
		{7F44F0F6-8396-42D0-8A1B-DC40CE8C478C}.Debug|Any CPU.ActiveCfg = Debug|Any CPU
		{7F44F0F6-8396-42D0-8A1B-DC40CE8C478C}.Debug|Any CPU.Build.0 = Debug|Any CPU
		{7F44F0F6-8396-42D0-8A1B-DC40CE8C478C}.Release|Any CPU.ActiveCfg = Release|Any CPU
		{7F44F0F6-8396-42D0-8A1B-DC40CE8C478C}.Release|Any CPU.Build.0 = Release|Any CPU
		{7F44F0F6-8396-42D0-8A1B-DC40CE8C478C}.Debug|iPhoneSimulator.ActiveCfg = Debug|Any CPU
		{7F44F0F6-8396-42D0-8A1B-DC40CE8C478C}.Debug|iPhoneSimulator.Build.0 = Debug|Any CPU
		{7F44F0F6-8396-42D0-8A1B-DC40CE8C478C}.Release|iPhone.ActiveCfg = Release|Any CPU
		{7F44F0F6-8396-42D0-8A1B-DC40CE8C478C}.Release|iPhone.Build.0 = Release|Any CPU
		{7F44F0F6-8396-42D0-8A1B-DC40CE8C478C}.Release|iPhoneSimulator.ActiveCfg = Release|Any CPU
		{7F44F0F6-8396-42D0-8A1B-DC40CE8C478C}.Release|iPhoneSimulator.Build.0 = Release|Any CPU
		{7F44F0F6-8396-42D0-8A1B-DC40CE8C478C}.Debug|iPhone.ActiveCfg = Debug|Any CPU
		{7F44F0F6-8396-42D0-8A1B-DC40CE8C478C}.Debug|iPhone.Build.0 = Debug|Any CPU
		{7F44F0F6-8396-42D0-8A1B-DC40CE8C478C}.Release.Stage|Any CPU.ActiveCfg = Debug|Any CPU
		{7F44F0F6-8396-42D0-8A1B-DC40CE8C478C}.Release.Stage|Any CPU.Build.0 = Debug|Any CPU
		{CC89DBC6-E68A-4C85-91C4-E276D3BC3C2E}.Debug|Any CPU.ActiveCfg = Debug|Any CPU
		{CC89DBC6-E68A-4C85-91C4-E276D3BC3C2E}.Debug|Any CPU.Build.0 = Debug|Any CPU
		{CC89DBC6-E68A-4C85-91C4-E276D3BC3C2E}.Release|Any CPU.ActiveCfg = Release|Any CPU
		{CC89DBC6-E68A-4C85-91C4-E276D3BC3C2E}.Release|Any CPU.Build.0 = Release|Any CPU
		{CC89DBC6-E68A-4C85-91C4-E276D3BC3C2E}.Debug|iPhoneSimulator.ActiveCfg = Debug|Any CPU
		{CC89DBC6-E68A-4C85-91C4-E276D3BC3C2E}.Debug|iPhoneSimulator.Build.0 = Debug|Any CPU
		{CC89DBC6-E68A-4C85-91C4-E276D3BC3C2E}.Release|iPhone.ActiveCfg = Release|Any CPU
		{CC89DBC6-E68A-4C85-91C4-E276D3BC3C2E}.Release|iPhone.Build.0 = Release|Any CPU
		{CC89DBC6-E68A-4C85-91C4-E276D3BC3C2E}.Release|iPhoneSimulator.ActiveCfg = Release|Any CPU
		{CC89DBC6-E68A-4C85-91C4-E276D3BC3C2E}.Release|iPhoneSimulator.Build.0 = Release|Any CPU
		{CC89DBC6-E68A-4C85-91C4-E276D3BC3C2E}.Debug|iPhone.ActiveCfg = Debug|Any CPU
		{CC89DBC6-E68A-4C85-91C4-E276D3BC3C2E}.Debug|iPhone.Build.0 = Debug|Any CPU
		{CC89DBC6-E68A-4C85-91C4-E276D3BC3C2E}.Release.Stage|Any CPU.ActiveCfg = Debug|Any CPU
		{CC89DBC6-E68A-4C85-91C4-E276D3BC3C2E}.Release.Stage|Any CPU.Build.0 = Debug|Any CPU
		{2B06D0B2-8BED-49EC-AC0B-154850F68190}.Debug|Any CPU.ActiveCfg = Debug|Any CPU
		{2B06D0B2-8BED-49EC-AC0B-154850F68190}.Debug|Any CPU.Build.0 = Debug|Any CPU
		{2B06D0B2-8BED-49EC-AC0B-154850F68190}.Release|Any CPU.ActiveCfg = Release|Any CPU
		{2B06D0B2-8BED-49EC-AC0B-154850F68190}.Release|Any CPU.Build.0 = Release|Any CPU
		{2B06D0B2-8BED-49EC-AC0B-154850F68190}.Debug|iPhoneSimulator.ActiveCfg = Debug|Any CPU
		{2B06D0B2-8BED-49EC-AC0B-154850F68190}.Debug|iPhoneSimulator.Build.0 = Debug|Any CPU
		{2B06D0B2-8BED-49EC-AC0B-154850F68190}.Release|iPhone.ActiveCfg = Release|Any CPU
		{2B06D0B2-8BED-49EC-AC0B-154850F68190}.Release|iPhone.Build.0 = Release|Any CPU
		{2B06D0B2-8BED-49EC-AC0B-154850F68190}.Release|iPhoneSimulator.ActiveCfg = Release|Any CPU
		{2B06D0B2-8BED-49EC-AC0B-154850F68190}.Release|iPhoneSimulator.Build.0 = Release|Any CPU
		{2B06D0B2-8BED-49EC-AC0B-154850F68190}.Debug|iPhone.ActiveCfg = Debug|Any CPU
		{2B06D0B2-8BED-49EC-AC0B-154850F68190}.Debug|iPhone.Build.0 = Debug|Any CPU
		{663BB4C7-03BA-49B0-B3EB-81E470D34A4D}.Debug|Any CPU.ActiveCfg = Debug|Any CPU
		{663BB4C7-03BA-49B0-B3EB-81E470D34A4D}.Debug|Any CPU.Build.0 = Debug|Any CPU
		{663BB4C7-03BA-49B0-B3EB-81E470D34A4D}.Release|Any CPU.ActiveCfg = Release|Any CPU
		{663BB4C7-03BA-49B0-B3EB-81E470D34A4D}.Release|Any CPU.Build.0 = Release|Any CPU
		{663BB4C7-03BA-49B0-B3EB-81E470D34A4D}.Debug|iPhoneSimulator.ActiveCfg = Debug|Any CPU
		{663BB4C7-03BA-49B0-B3EB-81E470D34A4D}.Debug|iPhoneSimulator.Build.0 = Debug|Any CPU
		{663BB4C7-03BA-49B0-B3EB-81E470D34A4D}.Release|iPhone.ActiveCfg = Release|Any CPU
		{663BB4C7-03BA-49B0-B3EB-81E470D34A4D}.Release|iPhone.Build.0 = Release|Any CPU
		{663BB4C7-03BA-49B0-B3EB-81E470D34A4D}.Release|iPhoneSimulator.ActiveCfg = Release|Any CPU
		{663BB4C7-03BA-49B0-B3EB-81E470D34A4D}.Release|iPhoneSimulator.Build.0 = Release|Any CPU
		{663BB4C7-03BA-49B0-B3EB-81E470D34A4D}.Debug|iPhone.ActiveCfg = Debug|Any CPU
		{663BB4C7-03BA-49B0-B3EB-81E470D34A4D}.Debug|iPhone.Build.0 = Debug|Any CPU
		{663BB4C7-03BA-49B0-B3EB-81E470D34A4D}.Release.Stage|Any CPU.ActiveCfg = Debug|Any CPU
		{663BB4C7-03BA-49B0-B3EB-81E470D34A4D}.Release.Stage|Any CPU.Build.0 = Debug|Any CPU
		{A11C16B8-C5A4-445B-8142-823464D03E16}.Debug|Any CPU.ActiveCfg = Debug|Any CPU
		{A11C16B8-C5A4-445B-8142-823464D03E16}.Debug|Any CPU.Build.0 = Debug|Any CPU
		{A11C16B8-C5A4-445B-8142-823464D03E16}.Release|Any CPU.ActiveCfg = Release|Any CPU
		{A11C16B8-C5A4-445B-8142-823464D03E16}.Release|Any CPU.Build.0 = Release|Any CPU
		{A11C16B8-C5A4-445B-8142-823464D03E16}.Debug|iPhoneSimulator.ActiveCfg = Debug|Any CPU
		{A11C16B8-C5A4-445B-8142-823464D03E16}.Debug|iPhoneSimulator.Build.0 = Debug|Any CPU
		{A11C16B8-C5A4-445B-8142-823464D03E16}.Release|iPhone.ActiveCfg = Release|Any CPU
		{A11C16B8-C5A4-445B-8142-823464D03E16}.Release|iPhone.Build.0 = Release|Any CPU
		{A11C16B8-C5A4-445B-8142-823464D03E16}.Release|iPhoneSimulator.ActiveCfg = Release|Any CPU
		{A11C16B8-C5A4-445B-8142-823464D03E16}.Release|iPhoneSimulator.Build.0 = Release|Any CPU
		{A11C16B8-C5A4-445B-8142-823464D03E16}.Debug|iPhone.ActiveCfg = Debug|Any CPU
		{A11C16B8-C5A4-445B-8142-823464D03E16}.Debug|iPhone.Build.0 = Debug|Any CPU
		{A11C16B8-C5A4-445B-8142-823464D03E16}.Release.Stage|Any CPU.ActiveCfg = Debug|Any CPU
		{A11C16B8-C5A4-445B-8142-823464D03E16}.Release.Stage|Any CPU.Build.0 = Debug|Any CPU
		{1F525832-B5C9-4459-9E19-95E7B5D92E9E}.Debug|Any CPU.ActiveCfg = Debug|Any CPU
		{1F525832-B5C9-4459-9E19-95E7B5D92E9E}.Debug|Any CPU.Build.0 = Debug|Any CPU
		{1F525832-B5C9-4459-9E19-95E7B5D92E9E}.Release|Any CPU.ActiveCfg = Release|Any CPU
		{1F525832-B5C9-4459-9E19-95E7B5D92E9E}.Release|Any CPU.Build.0 = Release|Any CPU
		{1F525832-B5C9-4459-9E19-95E7B5D92E9E}.Debug|iPhoneSimulator.ActiveCfg = Debug|Any CPU
		{1F525832-B5C9-4459-9E19-95E7B5D92E9E}.Debug|iPhoneSimulator.Build.0 = Debug|Any CPU
		{1F525832-B5C9-4459-9E19-95E7B5D92E9E}.Release|iPhone.ActiveCfg = Release|Any CPU
		{1F525832-B5C9-4459-9E19-95E7B5D92E9E}.Release|iPhone.Build.0 = Release|Any CPU
		{1F525832-B5C9-4459-9E19-95E7B5D92E9E}.Release|iPhoneSimulator.ActiveCfg = Release|Any CPU
		{1F525832-B5C9-4459-9E19-95E7B5D92E9E}.Release|iPhoneSimulator.Build.0 = Release|Any CPU
		{1F525832-B5C9-4459-9E19-95E7B5D92E9E}.Debug|iPhone.ActiveCfg = Debug|Any CPU
		{1F525832-B5C9-4459-9E19-95E7B5D92E9E}.Debug|iPhone.Build.0 = Debug|Any CPU
		{1F525832-B5C9-4459-9E19-95E7B5D92E9E}.Release.Stage|Any CPU.ActiveCfg = Debug|Any CPU
		{1F525832-B5C9-4459-9E19-95E7B5D92E9E}.Release.Stage|Any CPU.Build.0 = Debug|Any CPU
		{2D399BA9-1878-43E2-AF05-6873EAE9151B}.Debug|Any CPU.ActiveCfg = Debug|Any CPU
		{2D399BA9-1878-43E2-AF05-6873EAE9151B}.Debug|Any CPU.Build.0 = Debug|Any CPU
		{2D399BA9-1878-43E2-AF05-6873EAE9151B}.Release|Any CPU.ActiveCfg = Release|Any CPU
		{2D399BA9-1878-43E2-AF05-6873EAE9151B}.Release|Any CPU.Build.0 = Release|Any CPU
		{2D399BA9-1878-43E2-AF05-6873EAE9151B}.Debug|iPhoneSimulator.ActiveCfg = Debug|Any CPU
		{2D399BA9-1878-43E2-AF05-6873EAE9151B}.Debug|iPhoneSimulator.Build.0 = Debug|Any CPU
		{2D399BA9-1878-43E2-AF05-6873EAE9151B}.Release|iPhone.ActiveCfg = Release|Any CPU
		{2D399BA9-1878-43E2-AF05-6873EAE9151B}.Release|iPhone.Build.0 = Release|Any CPU
		{2D399BA9-1878-43E2-AF05-6873EAE9151B}.Release|iPhoneSimulator.ActiveCfg = Release|Any CPU
		{2D399BA9-1878-43E2-AF05-6873EAE9151B}.Release|iPhoneSimulator.Build.0 = Release|Any CPU
		{2D399BA9-1878-43E2-AF05-6873EAE9151B}.Debug|iPhone.ActiveCfg = Debug|Any CPU
		{2D399BA9-1878-43E2-AF05-6873EAE9151B}.Debug|iPhone.Build.0 = Debug|Any CPU
		{2D399BA9-1878-43E2-AF05-6873EAE9151B}.Release.Stage|Any CPU.ActiveCfg = Debug|Any CPU
		{2D399BA9-1878-43E2-AF05-6873EAE9151B}.Release.Stage|Any CPU.Build.0 = Debug|Any CPU
		{2B4A678B-63B4-49DB-99B1-BFE7793110C4}.Debug|Any CPU.ActiveCfg = Debug|Any CPU
		{2B4A678B-63B4-49DB-99B1-BFE7793110C4}.Debug|Any CPU.Build.0 = Debug|Any CPU
		{2B4A678B-63B4-49DB-99B1-BFE7793110C4}.Release|Any CPU.ActiveCfg = Release|Any CPU
		{2B4A678B-63B4-49DB-99B1-BFE7793110C4}.Release|Any CPU.Build.0 = Release|Any CPU
		{2B4A678B-63B4-49DB-99B1-BFE7793110C4}.Debug|iPhoneSimulator.ActiveCfg = Debug|Any CPU
		{2B4A678B-63B4-49DB-99B1-BFE7793110C4}.Debug|iPhoneSimulator.Build.0 = Debug|Any CPU
		{2B4A678B-63B4-49DB-99B1-BFE7793110C4}.Release|iPhone.ActiveCfg = Release|Any CPU
		{2B4A678B-63B4-49DB-99B1-BFE7793110C4}.Release|iPhone.Build.0 = Release|Any CPU
		{2B4A678B-63B4-49DB-99B1-BFE7793110C4}.Release|iPhoneSimulator.ActiveCfg = Release|Any CPU
		{2B4A678B-63B4-49DB-99B1-BFE7793110C4}.Release|iPhoneSimulator.Build.0 = Release|Any CPU
		{2B4A678B-63B4-49DB-99B1-BFE7793110C4}.Debug|iPhone.ActiveCfg = Debug|Any CPU
		{2B4A678B-63B4-49DB-99B1-BFE7793110C4}.Debug|iPhone.Build.0 = Debug|Any CPU
		{2B4A678B-63B4-49DB-99B1-BFE7793110C4}.Release.Stage|Any CPU.ActiveCfg = Release.Stage|Any CPU
		{2B4A678B-63B4-49DB-99B1-BFE7793110C4}.Release.Stage|Any CPU.Build.0 = Release.Stage|Any CPU
		{18D3FDC1-B0A1-401E-87F2-1C43034E610C}.Debug|Any CPU.ActiveCfg = Debug|Any CPU
		{18D3FDC1-B0A1-401E-87F2-1C43034E610C}.Debug|Any CPU.Build.0 = Debug|Any CPU
		{18D3FDC1-B0A1-401E-87F2-1C43034E610C}.Release|Any CPU.ActiveCfg = Release|Any CPU
		{18D3FDC1-B0A1-401E-87F2-1C43034E610C}.Release|Any CPU.Build.0 = Release|Any CPU
		{18D3FDC1-B0A1-401E-87F2-1C43034E610C}.Debug|iPhoneSimulator.ActiveCfg = Debug|Any CPU
		{18D3FDC1-B0A1-401E-87F2-1C43034E610C}.Debug|iPhoneSimulator.Build.0 = Debug|Any CPU
		{18D3FDC1-B0A1-401E-87F2-1C43034E610C}.Release|iPhone.ActiveCfg = Release|Any CPU
		{18D3FDC1-B0A1-401E-87F2-1C43034E610C}.Release|iPhone.Build.0 = Release|Any CPU
		{18D3FDC1-B0A1-401E-87F2-1C43034E610C}.Release|iPhoneSimulator.ActiveCfg = Release|Any CPU
		{18D3FDC1-B0A1-401E-87F2-1C43034E610C}.Release|iPhoneSimulator.Build.0 = Release|Any CPU
		{18D3FDC1-B0A1-401E-87F2-1C43034E610C}.Debug|iPhone.ActiveCfg = Debug|Any CPU
		{18D3FDC1-B0A1-401E-87F2-1C43034E610C}.Debug|iPhone.Build.0 = Debug|Any CPU
		{18D3FDC1-B0A1-401E-87F2-1C43034E610C}.Release.Stage|Any CPU.ActiveCfg = Debug|Any CPU
		{18D3FDC1-B0A1-401E-87F2-1C43034E610C}.Release.Stage|Any CPU.Build.0 = Debug|Any CPU
		{6BCB2009-2E46-458C-BCAA-AFC27A631924}.Debug|Any CPU.ActiveCfg = Debug|Any CPU
		{6BCB2009-2E46-458C-BCAA-AFC27A631924}.Debug|Any CPU.Build.0 = Debug|Any CPU
		{6BCB2009-2E46-458C-BCAA-AFC27A631924}.Release|Any CPU.ActiveCfg = Release|Any CPU
		{6BCB2009-2E46-458C-BCAA-AFC27A631924}.Release|Any CPU.Build.0 = Release|Any CPU
		{6BCB2009-2E46-458C-BCAA-AFC27A631924}.Debug|iPhoneSimulator.ActiveCfg = Debug|Any CPU
		{6BCB2009-2E46-458C-BCAA-AFC27A631924}.Debug|iPhoneSimulator.Build.0 = Debug|Any CPU
		{6BCB2009-2E46-458C-BCAA-AFC27A631924}.Release|iPhone.ActiveCfg = Release|Any CPU
		{6BCB2009-2E46-458C-BCAA-AFC27A631924}.Release|iPhone.Build.0 = Release|Any CPU
		{6BCB2009-2E46-458C-BCAA-AFC27A631924}.Release|iPhoneSimulator.ActiveCfg = Release|Any CPU
		{6BCB2009-2E46-458C-BCAA-AFC27A631924}.Release|iPhoneSimulator.Build.0 = Release|Any CPU
		{6BCB2009-2E46-458C-BCAA-AFC27A631924}.Debug|iPhone.ActiveCfg = Debug|Any CPU
		{6BCB2009-2E46-458C-BCAA-AFC27A631924}.Debug|iPhone.Build.0 = Debug|Any CPU
		{6BCB2009-2E46-458C-BCAA-AFC27A631924}.Release.Stage|Any CPU.ActiveCfg = Debug|Any CPU
		{6BCB2009-2E46-458C-BCAA-AFC27A631924}.Release.Stage|Any CPU.Build.0 = Debug|Any CPU
	EndGlobalSection
	GlobalSection(SolutionProperties) = preSolution
		HideSolutionNode = FALSE
	EndGlobalSection
	GlobalSection(NestedProjects) = preSolution
	EndGlobalSection
EndGlobal
