
Microsoft Visual Studio Solution File, Format Version 12.00
# Visual Studio 15
Project("{FAE04EC0-301F-11D3-BF4B-00C04F79EFBC}") = "Softeq.XToolkit.Permissions", "Softeq.XToolkit.Permissions\Softeq.XToolkit.Permissions.csproj", "{C8DA5EA8-703B-481F-9ED8-AB3AD29E5409}"
EndProject
Project("{FAE04EC0-301F-11D3-BF4B-00C04F79EFBC}") = "Softeq.XToolkit.Permissions.Droid", "Softeq.XToolkit.Permissions.Droid\Softeq.XToolkit.Permissions.Droid.csproj", "{955A4101-4989-4764-9134-E621FC4D9C86}"
EndProject
Project("{FAE04EC0-301F-11D3-BF4B-00C04F79EFBC}") = "Softeq.XToolkit.Permissions.iOS", "Softeq.XToolkit.Permissions.iOS\Softeq.XToolkit.Permissions.iOS.csproj", "{7EB2ADA9-C599-4644-AC6B-109F1AEED19F}"
EndProject
Global
	GlobalSection(SolutionConfigurationPlatforms) = preSolution
		Debug|Any CPU = Debug|Any CPU
		Release|Any CPU = Release|Any CPU
		ReleaseWithBLE|Any CPU = ReleaseWithBLE|Any CPU
	EndGlobalSection
	GlobalSection(ProjectConfigurationPlatforms) = postSolution
		{C8DA5EA8-703B-481F-9ED8-AB3AD29E5409}.Debug|Any CPU.ActiveCfg = Debug|Any CPU
		{C8DA5EA8-703B-481F-9ED8-AB3AD29E5409}.Debug|Any CPU.Build.0 = Debug|Any CPU
		{C8DA5EA8-703B-481F-9ED8-AB3AD29E5409}.Release|Any CPU.ActiveCfg = Release|Any CPU
		{C8DA5EA8-703B-481F-9ED8-AB3AD29E5409}.Release|Any CPU.Build.0 = Release|Any CPU
		{C8DA5EA8-703B-481F-9ED8-AB3AD29E5409}.ReleaseWithBLE|Any CPU.ActiveCfg = Debug|Any CPU
		{C8DA5EA8-703B-481F-9ED8-AB3AD29E5409}.ReleaseWithBLE|Any CPU.Build.0 = Debug|Any CPU
		{955A4101-4989-4764-9134-E621FC4D9C86}.Debug|Any CPU.ActiveCfg = Debug|Any CPU
		{955A4101-4989-4764-9134-E621FC4D9C86}.Debug|Any CPU.Build.0 = Debug|Any CPU
		{955A4101-4989-4764-9134-E621FC4D9C86}.Release|Any CPU.ActiveCfg = Release|Any CPU
		{955A4101-4989-4764-9134-E621FC4D9C86}.Release|Any CPU.Build.0 = Release|Any CPU
		{955A4101-4989-4764-9134-E621FC4D9C86}.ReleaseWithBLE|Any CPU.ActiveCfg = Debug|Any CPU
		{955A4101-4989-4764-9134-E621FC4D9C86}.ReleaseWithBLE|Any CPU.Build.0 = Debug|Any CPU
		{7EB2ADA9-C599-4644-AC6B-109F1AEED19F}.Debug|Any CPU.ActiveCfg = Debug|Any CPU
		{7EB2ADA9-C599-4644-AC6B-109F1AEED19F}.Debug|Any CPU.Build.0 = Debug|Any CPU
		{7EB2ADA9-C599-4644-AC6B-109F1AEED19F}.Release|Any CPU.ActiveCfg = Release|Any CPU
		{7EB2ADA9-C599-4644-AC6B-109F1AEED19F}.Release|Any CPU.Build.0 = Release|Any CPU
		{7EB2ADA9-C599-4644-AC6B-109F1AEED19F}.ReleaseWithBLE|Any CPU.ActiveCfg = ReleaseWithBLE|Any CPU
		{7EB2ADA9-C599-4644-AC6B-109F1AEED19F}.ReleaseWithBLE|Any CPU.Build.0 = ReleaseWithBLE|Any CPU
	EndGlobalSection
EndGlobal
