
Microsoft Visual Studio Solution File, Format Version 12.00
# Visual Studio 2012
Project("{FAE04EC0-301F-11D3-BF4B-00C04F79EFBC}") = "Softeq.XToolkit.Tests.Core", "Softeq.XToolkit.Tests.Core.csproj", "{FE6B959D-070D-4FFC-8A52-4AFDA1AABF87}"
EndProject
Project("{FAE04EC0-301F-11D3-BF4B-00C04F79EFBC}") = "Softeq.XToolkit.Common", "..\Softeq.XToolkit.Common\Softeq.XToolkit.Common.csproj", "{D2A958F0-EFC8-4096-B96D-8C0631F3A149}"
EndProject
Global
	GlobalSection(SolutionConfigurationPlatforms) = preSolution
		Debug|Any CPU = Debug|Any CPU
		Release|Any CPU = Release|Any CPU
	EndGlobalSection
	GlobalSection(ProjectConfigurationPlatforms) = postSolution
		{FE6B959D-070D-4FFC-8A52-4AFDA1AABF87}.Debug|Any CPU.ActiveCfg = Debug|Any CPU
		{FE6B959D-070D-4FFC-8A52-4AFDA1AABF87}.Debug|Any CPU.Build.0 = Debug|Any CPU
		{FE6B959D-070D-4FFC-8A52-4AFDA1AABF87}.Release|Any CPU.ActiveCfg = Release|Any CPU
		{FE6B959D-070D-4FFC-8A52-4AFDA1AABF87}.Release|Any CPU.Build.0 = Release|Any CPU
		{D2A958F0-EFC8-4096-B96D-8C0631F3A149}.Debug|Any CPU.ActiveCfg = Debug|Any CPU
		{D2A958F0-EFC8-4096-B96D-8C0631F3A149}.Debug|Any CPU.Build.0 = Debug|Any CPU
		{D2A958F0-EFC8-4096-B96D-8C0631F3A149}.Release|Any CPU.ActiveCfg = Release|Any CPU
		{D2A958F0-EFC8-4096-B96D-8C0631F3A149}.Release|Any CPU.Build.0 = Release|Any CPU
	EndGlobalSection
EndGlobal
