
Microsoft Visual Studio Solution File, Format Version 12.00
# Visual Studio 15
Project("{FAE04EC0-301F-11D3-BF4B-00C04F79EFBC}") = "Softeq.XToolkit.Common", "Softeq.XToolkit.Common.csproj", "{C04414F1-ED81-4CE0-8E6D-F0B3346FA26F}"
EndProject
Global
	GlobalSection(SolutionConfigurationPlatforms) = preSolution
		Debug|Any CPU = Debug|Any CPU
		Release|Any CPU = Release|Any CPU
	EndGlobalSection
	GlobalSection(ProjectConfigurationPlatforms) = postSolution
		{C04414F1-ED81-4CE0-8E6D-F0B3346FA26F}.Debug|Any CPU.ActiveCfg = Debug|Any CPU
		{C04414F1-ED81-4CE0-8E6D-F0B3346FA26F}.Debug|Any CPU.Build.0 = Debug|Any CPU
		{C04414F1-ED81-4CE0-8E6D-F0B3346FA26F}.Release|Any CPU.ActiveCfg = Release|Any CPU
		{C04414F1-ED81-4CE0-8E6D-F0B3346FA26F}.Release|Any CPU.Build.0 = Release|Any CPU
	EndGlobalSection
EndGlobal
