
Microsoft Visual Studio Solution File, Format Version 12.00
# Visual Studio Version 16
VisualStudioVersion = 16.0.29613.14
MinimumVisualStudioVersion = 10.0.40219.1
Project("{9A19103F-16F7-4668-BE54-9A1E7A4F7556}") = "Softeq.XToolkit.Remote", "..\Softeq.XToolkit.Remote\Softeq.XToolkit.Remote.csproj", "{76AF8AFA-3073-44F7-A25A-E2C0501DC2FC}"
EndProject
Project("{9A19103F-16F7-4668-BE54-9A1E7A4F7556}") = "Softeq.XToolkit.Remote.Tests", "..\Softeq.XToolkit.Remote.Tests\Softeq.XToolkit.Remote.Tests.csproj", "{F6F5EC4E-8844-4247-91E5-5A8C7F74839C}"
EndProject
Project("{9A19103F-16F7-4668-BE54-9A1E7A4F7556}") = "Softeq.XToolkit.Common", "..\Softeq.XToolkit.Common\Softeq.XToolkit.Common.csproj", "{D25298FF-09FC-4F56-8586-FE17900A9C8F}"
EndProject
Global
	GlobalSection(SolutionConfigurationPlatforms) = preSolution
		Debug|Any CPU = Debug|Any CPU
		Release|Any CPU = Release|Any CPU
	EndGlobalSection
	GlobalSection(ProjectConfigurationPlatforms) = postSolution
		{76AF8AFA-3073-44F7-A25A-E2C0501DC2FC}.Debug|Any CPU.ActiveCfg = Debug|Any CPU
		{76AF8AFA-3073-44F7-A25A-E2C0501DC2FC}.Debug|Any CPU.Build.0 = Debug|Any CPU
		{76AF8AFA-3073-44F7-A25A-E2C0501DC2FC}.Release|Any CPU.ActiveCfg = Release|Any CPU
		{76AF8AFA-3073-44F7-A25A-E2C0501DC2FC}.Release|Any CPU.Build.0 = Release|Any CPU
		{F6F5EC4E-8844-4247-91E5-5A8C7F74839C}.Debug|Any CPU.ActiveCfg = Debug|Any CPU
		{F6F5EC4E-8844-4247-91E5-5A8C7F74839C}.Debug|Any CPU.Build.0 = Debug|Any CPU
		{F6F5EC4E-8844-4247-91E5-5A8C7F74839C}.Release|Any CPU.ActiveCfg = Release|Any CPU
		{F6F5EC4E-8844-4247-91E5-5A8C7F74839C}.Release|Any CPU.Build.0 = Release|Any CPU
		{D25298FF-09FC-4F56-8586-FE17900A9C8F}.Debug|Any CPU.ActiveCfg = Debug|Any CPU
		{D25298FF-09FC-4F56-8586-FE17900A9C8F}.Debug|Any CPU.Build.0 = Debug|Any CPU
		{D25298FF-09FC-4F56-8586-FE17900A9C8F}.Release|Any CPU.ActiveCfg = Release|Any CPU
		{D25298FF-09FC-4F56-8586-FE17900A9C8F}.Release|Any CPU.Build.0 = Release|Any CPU
	EndGlobalSection
	GlobalSection(SolutionProperties) = preSolution
		HideSolutionNode = FALSE
	EndGlobalSection
	GlobalSection(ExtensibilityGlobals) = postSolution
		SolutionGuid = {9727906D-FFA8-45C6-9FCA-446B82E09D94}
	EndGlobalSection
EndGlobal
