
Microsoft Visual Studio Solution File, Format Version 12.00
# Visual Studio 15
Project("{FAE04EC0-301F-11D3-BF4B-00C04F79EFBC}") = "Softeq.XToolkit.Remote", "..\..\Softeq.XToolkit.Remote\Softeq.XToolkit.Remote.csproj", "{4EB75E47-5164-415B-9075-21B95C2F0DA9}"
EndProject
Project("{FAE04EC0-301F-11D3-BF4B-00C04F79EFBC}") = "Softeq.XToolkit.Common", "..\..\Softeq.XToolkit.Common\Softeq.XToolkit.Common.csproj", "{10D0D128-2BF2-4DCD-96C2-A243362827E1}"
EndProject
Project("{FAE04EC0-301F-11D3-BF4B-00C04F79EFBC}") = "RemoteServices", "RemoteServices\RemoteServices.csproj", "{364598C2-6261-4CAC-B1E6-546F5498C3CB}"
EndProject
Project("{2150E333-8FDC-42A3-9474-1A3956D46DE8}") = "XToolkit", "XToolkit", "{1C76F232-42E1-496A-BF46-457CDDEC2CC6}"
EndProject
Project("{FAE04EC0-301F-11D3-BF4B-00C04F79EFBC}") = "NetworkApp.Android", "NetworkApp.Android\NetworkApp.Android.csproj", "{EE7467AB-E516-46BF-92A2-28FE4237720F}"
EndProject
Project("{FAE04EC0-301F-11D3-BF4B-00C04F79EFBC}") = "NetworkApp.iOS", "NetworkApp.iOS\NetworkApp.iOS.csproj", "{5AD76494-56F8-4FDD-9F42-1D5D6A81CDFD}"
EndProject
Project("{FAE04EC0-301F-11D3-BF4B-00C04F79EFBC}") = "NetworkApp", "NetworkApp\NetworkApp.csproj", "{D10F2B95-B663-438A-BDB6-EA69F1EB1963}"
EndProject
Global
	GlobalSection(SolutionConfigurationPlatforms) = preSolution
		Debug|iPhoneSimulator = Debug|iPhoneSimulator
		Release|iPhoneSimulator = Release|iPhoneSimulator
		Debug|iPhone = Debug|iPhone
		Release|iPhone = Release|iPhone
		Debug|Any CPU = Debug|Any CPU
	EndGlobalSection
	GlobalSection(ProjectConfigurationPlatforms) = postSolution
		{4EB75E47-5164-415B-9075-21B95C2F0DA9}.Debug|iPhoneSimulator.ActiveCfg = Debug|Any CPU
		{4EB75E47-5164-415B-9075-21B95C2F0DA9}.Debug|iPhoneSimulator.Build.0 = Debug|Any CPU
		{4EB75E47-5164-415B-9075-21B95C2F0DA9}.Release|iPhoneSimulator.ActiveCfg = Release|Any CPU
		{4EB75E47-5164-415B-9075-21B95C2F0DA9}.Release|iPhoneSimulator.Build.0 = Release|Any CPU
		{4EB75E47-5164-415B-9075-21B95C2F0DA9}.Debug|iPhone.ActiveCfg = Debug|Any CPU
		{4EB75E47-5164-415B-9075-21B95C2F0DA9}.Debug|iPhone.Build.0 = Debug|Any CPU
		{4EB75E47-5164-415B-9075-21B95C2F0DA9}.Release|iPhone.ActiveCfg = Release|Any CPU
		{4EB75E47-5164-415B-9075-21B95C2F0DA9}.Release|iPhone.Build.0 = Release|Any CPU
		{4EB75E47-5164-415B-9075-21B95C2F0DA9}.Debug|Any CPU.ActiveCfg = Debug|Any CPU
		{4EB75E47-5164-415B-9075-21B95C2F0DA9}.Debug|Any CPU.Build.0 = Debug|Any CPU
		{10D0D128-2BF2-4DCD-96C2-A243362827E1}.Debug|iPhoneSimulator.ActiveCfg = Debug|Any CPU
		{10D0D128-2BF2-4DCD-96C2-A243362827E1}.Debug|iPhoneSimulator.Build.0 = Debug|Any CPU
		{10D0D128-2BF2-4DCD-96C2-A243362827E1}.Release|iPhoneSimulator.ActiveCfg = Release|Any CPU
		{10D0D128-2BF2-4DCD-96C2-A243362827E1}.Release|iPhoneSimulator.Build.0 = Release|Any CPU
		{10D0D128-2BF2-4DCD-96C2-A243362827E1}.Debug|iPhone.ActiveCfg = Debug|Any CPU
		{10D0D128-2BF2-4DCD-96C2-A243362827E1}.Debug|iPhone.Build.0 = Debug|Any CPU
		{10D0D128-2BF2-4DCD-96C2-A243362827E1}.Release|iPhone.ActiveCfg = Release|Any CPU
		{10D0D128-2BF2-4DCD-96C2-A243362827E1}.Release|iPhone.Build.0 = Release|Any CPU
		{10D0D128-2BF2-4DCD-96C2-A243362827E1}.Debug|Any CPU.ActiveCfg = Debug|Any CPU
		{10D0D128-2BF2-4DCD-96C2-A243362827E1}.Debug|Any CPU.Build.0 = Debug|Any CPU
		{364598C2-6261-4CAC-B1E6-546F5498C3CB}.Debug|iPhoneSimulator.ActiveCfg = Debug|Any CPU
		{364598C2-6261-4CAC-B1E6-546F5498C3CB}.Debug|iPhoneSimulator.Build.0 = Debug|Any CPU
		{364598C2-6261-4CAC-B1E6-546F5498C3CB}.Release|iPhoneSimulator.ActiveCfg = Release|Any CPU
		{364598C2-6261-4CAC-B1E6-546F5498C3CB}.Release|iPhoneSimulator.Build.0 = Release|Any CPU
		{364598C2-6261-4CAC-B1E6-546F5498C3CB}.Debug|iPhone.ActiveCfg = Debug|Any CPU
		{364598C2-6261-4CAC-B1E6-546F5498C3CB}.Debug|iPhone.Build.0 = Debug|Any CPU
		{364598C2-6261-4CAC-B1E6-546F5498C3CB}.Release|iPhone.ActiveCfg = Release|Any CPU
		{364598C2-6261-4CAC-B1E6-546F5498C3CB}.Release|iPhone.Build.0 = Release|Any CPU
		{364598C2-6261-4CAC-B1E6-546F5498C3CB}.Debug|Any CPU.ActiveCfg = Debug|Any CPU
		{364598C2-6261-4CAC-B1E6-546F5498C3CB}.Debug|Any CPU.Build.0 = Debug|Any CPU
		{EE7467AB-E516-46BF-92A2-28FE4237720F}.Debug|iPhoneSimulator.ActiveCfg = Debug|Any CPU
		{EE7467AB-E516-46BF-92A2-28FE4237720F}.Release|iPhoneSimulator.ActiveCfg = Release|Any CPU
		{EE7467AB-E516-46BF-92A2-28FE4237720F}.Debug|iPhone.ActiveCfg = Debug|Any CPU
		{EE7467AB-E516-46BF-92A2-28FE4237720F}.Release|iPhone.ActiveCfg = Release|Any CPU
		{EE7467AB-E516-46BF-92A2-28FE4237720F}.Debug|Any CPU.ActiveCfg = Debug|Any CPU
		{EE7467AB-E516-46BF-92A2-28FE4237720F}.Debug|Any CPU.Build.0 = Debug|Any CPU
		{5AD76494-56F8-4FDD-9F42-1D5D6A81CDFD}.Debug|iPhoneSimulator.ActiveCfg = Debug|iPhoneSimulator
		{5AD76494-56F8-4FDD-9F42-1D5D6A81CDFD}.Debug|iPhoneSimulator.Build.0 = Debug|iPhoneSimulator
		{5AD76494-56F8-4FDD-9F42-1D5D6A81CDFD}.Release|iPhoneSimulator.ActiveCfg = Release|iPhoneSimulator
		{5AD76494-56F8-4FDD-9F42-1D5D6A81CDFD}.Release|iPhoneSimulator.Build.0 = Release|iPhoneSimulator
		{5AD76494-56F8-4FDD-9F42-1D5D6A81CDFD}.Debug|iPhone.ActiveCfg = Debug|iPhone
		{5AD76494-56F8-4FDD-9F42-1D5D6A81CDFD}.Debug|iPhone.Build.0 = Debug|iPhone
		{5AD76494-56F8-4FDD-9F42-1D5D6A81CDFD}.Release|iPhone.ActiveCfg = Release|iPhone
		{5AD76494-56F8-4FDD-9F42-1D5D6A81CDFD}.Release|iPhone.Build.0 = Release|iPhone
		{5AD76494-56F8-4FDD-9F42-1D5D6A81CDFD}.Debug|Any CPU.ActiveCfg = Debug|iPhoneSimulator
		{D10F2B95-B663-438A-BDB6-EA69F1EB1963}.Debug|iPhoneSimulator.ActiveCfg = Debug|Any CPU
		{D10F2B95-B663-438A-BDB6-EA69F1EB1963}.Debug|iPhoneSimulator.Build.0 = Debug|Any CPU
		{D10F2B95-B663-438A-BDB6-EA69F1EB1963}.Release|iPhoneSimulator.ActiveCfg = Release|Any CPU
		{D10F2B95-B663-438A-BDB6-EA69F1EB1963}.Release|iPhoneSimulator.Build.0 = Release|Any CPU
		{D10F2B95-B663-438A-BDB6-EA69F1EB1963}.Debug|iPhone.ActiveCfg = Debug|Any CPU
		{D10F2B95-B663-438A-BDB6-EA69F1EB1963}.Debug|iPhone.Build.0 = Debug|Any CPU
		{D10F2B95-B663-438A-BDB6-EA69F1EB1963}.Release|iPhone.ActiveCfg = Release|Any CPU
		{D10F2B95-B663-438A-BDB6-EA69F1EB1963}.Release|iPhone.Build.0 = Release|Any CPU
		{D10F2B95-B663-438A-BDB6-EA69F1EB1963}.Debug|Any CPU.ActiveCfg = Debug|Any CPU
		{D10F2B95-B663-438A-BDB6-EA69F1EB1963}.Debug|Any CPU.Build.0 = Debug|Any CPU
	EndGlobalSection
	GlobalSection(NestedProjects) = preSolution
		{10D0D128-2BF2-4DCD-96C2-A243362827E1} = {1C76F232-42E1-496A-BF46-457CDDEC2CC6}
		{4EB75E47-5164-415B-9075-21B95C2F0DA9} = {1C76F232-42E1-496A-BF46-457CDDEC2CC6}
	EndGlobalSection
EndGlobal
